// !$*UTF8*$!
{
	archiveVersion = 1;
	classes = {
	};
	objectVersion = 56;
	objects = {

/* Begin PBXBuildFile section */
		273262E529BE856700AD552B /* Extansions.swift in Sources */ = {isa = PBXBuildFile; fileRef = 273262E429BE856700AD552B /* Extansions.swift */; };
		2734EBE029B2993C00BB7084 /* DetailsViewController.swift in Sources */ = {isa = PBXBuildFile; fileRef = 2734EBDE29B2993C00BB7084 /* DetailsViewController.swift */; };
		2734EBE129B2993C00BB7084 /* DetailsViewController.xib in Resources */ = {isa = PBXBuildFile; fileRef = 2734EBDF29B2993C00BB7084 /* DetailsViewController.xib */; };
		274E802D29B25D000055CE75 /* DetailsTableViewCell.swift in Sources */ = {isa = PBXBuildFile; fileRef = 274E802B29B25D000055CE75 /* DetailsTableViewCell.swift */; };
		274E802E29B25D000055CE75 /* DetailsTableViewCell.xib in Resources */ = {isa = PBXBuildFile; fileRef = 274E802C29B25D000055CE75 /* DetailsTableViewCell.xib */; };
		278FC04729D203590000D2E0 /* ModelMainView.swift in Sources */ = {isa = PBXBuildFile; fileRef = 278FC04629D203590000D2E0 /* ModelMainView.swift */; };
		278FC04929D203950000D2E0 /* ModelDetailsView.swift in Sources */ = {isa = PBXBuildFile; fileRef = 278FC04829D203950000D2E0 /* ModelDetailsView.swift */; };
		2796F3BA29C8FAF800BC3C6D /* ErrorManager.swift in Sources */ = {isa = PBXBuildFile; fileRef = 2796F3B929C8FAF800BC3C6D /* ErrorManager.swift */; };
		279E19A329B1F04B00D5B36D /* AppDelegate.swift in Sources */ = {isa = PBXBuildFile; fileRef = 279E19A229B1F04B00D5B36D /* AppDelegate.swift */; };
		279E19A529B1F04B00D5B36D /* SceneDelegate.swift in Sources */ = {isa = PBXBuildFile; fileRef = 279E19A429B1F04B00D5B36D /* SceneDelegate.swift */; };
		279E19A729B1F04B00D5B36D /* MainViewController.swift in Sources */ = {isa = PBXBuildFile; fileRef = 279E19A629B1F04B00D5B36D /* MainViewController.swift */; };
		279E19AA29B1F04B00D5B36D /* Main.storyboard in Resources */ = {isa = PBXBuildFile; fileRef = 279E19A829B1F04B00D5B36D /* Main.storyboard */; };
		279E19AD29B1F04B00D5B36D /* ITunesPodcast.xcdatamodeld in Sources */ = {isa = PBXBuildFile; fileRef = 279E19AB29B1F04B00D5B36D /* ITunesPodcast.xcdatamodeld */; };
		279E19AF29B1F04E00D5B36D /* Assets.xcassets in Resources */ = {isa = PBXBuildFile; fileRef = 279E19AE29B1F04E00D5B36D /* Assets.xcassets */; };
		279E19B229B1F04E00D5B36D /* LaunchScreen.storyboard in Resources */ = {isa = PBXBuildFile; fileRef = 279E19B029B1F04E00D5B36D /* LaunchScreen.storyboard */; };
		279E19BC29B1F0BE00D5B36D /* API.json in Resources */ = {isa = PBXBuildFile; fileRef = 279E19BB29B1F0BD00D5B36D /* API.json */; };
		279E19BE29B1F0ED00D5B36D /* ObjectManager.swift in Sources */ = {isa = PBXBuildFile; fileRef = 279E19BD29B1F0ED00D5B36D /* ObjectManager.swift */; };
		279E19C029B1F2F500D5B36D /* RequestManager.swift in Sources */ = {isa = PBXBuildFile; fileRef = 279E19BF29B1F2F500D5B36D /* RequestManager.swift */; };
/* End PBXBuildFile section */

/* Begin PBXFileReference section */
		273262E429BE856700AD552B /* Extansions.swift */ = {isa = PBXFileReference; lastKnownFileType = sourcecode.swift; path = Extansions.swift; sourceTree = "<group>"; };
		2734EBDE29B2993C00BB7084 /* DetailsViewController.swift */ = {isa = PBXFileReference; lastKnownFileType = sourcecode.swift; path = DetailsViewController.swift; sourceTree = "<group>"; };
		2734EBDF29B2993C00BB7084 /* DetailsViewController.xib */ = {isa = PBXFileReference; lastKnownFileType = file.xib; path = DetailsViewController.xib; sourceTree = "<group>"; };
		274E802B29B25D000055CE75 /* DetailsTableViewCell.swift */ = {isa = PBXFileReference; lastKnownFileType = sourcecode.swift; path = DetailsTableViewCell.swift; sourceTree = "<group>"; };
		274E802C29B25D000055CE75 /* DetailsTableViewCell.xib */ = {isa = PBXFileReference; lastKnownFileType = file.xib; path = DetailsTableViewCell.xib; sourceTree = "<group>"; };
		278FC04629D203590000D2E0 /* ModelMainView.swift */ = {isa = PBXFileReference; lastKnownFileType = sourcecode.swift; path = ModelMainView.swift; sourceTree = "<group>"; };
		278FC04829D203950000D2E0 /* ModelDetailsView.swift */ = {isa = PBXFileReference; lastKnownFileType = sourcecode.swift; path = ModelDetailsView.swift; sourceTree = "<group>"; };
		2796F3B929C8FAF800BC3C6D /* ErrorManager.swift */ = {isa = PBXFileReference; lastKnownFileType = sourcecode.swift; path = ErrorManager.swift; sourceTree = "<group>"; };
		279E199F29B1F04B00D5B36D /* ITunesPodcast.app */ = {isa = PBXFileReference; explicitFileType = wrapper.application; includeInIndex = 0; path = ITunesPodcast.app; sourceTree = BUILT_PRODUCTS_DIR; };
		279E19A229B1F04B00D5B36D /* AppDelegate.swift */ = {isa = PBXFileReference; lastKnownFileType = sourcecode.swift; path = AppDelegate.swift; sourceTree = "<group>"; };
		279E19A429B1F04B00D5B36D /* SceneDelegate.swift */ = {isa = PBXFileReference; lastKnownFileType = sourcecode.swift; path = SceneDelegate.swift; sourceTree = "<group>"; };
		279E19A629B1F04B00D5B36D /* MainViewController.swift */ = {isa = PBXFileReference; lastKnownFileType = sourcecode.swift; path = MainViewController.swift; sourceTree = "<group>"; };
		279E19A929B1F04B00D5B36D /* Base */ = {isa = PBXFileReference; lastKnownFileType = file.storyboard; name = Base; path = Base.lproj/Main.storyboard; sourceTree = "<group>"; };
		279E19AC29B1F04B00D5B36D /* ITunesPodcast.xcdatamodel */ = {isa = PBXFileReference; lastKnownFileType = wrapper.xcdatamodel; path = ITunesPodcast.xcdatamodel; sourceTree = "<group>"; };
		279E19AE29B1F04E00D5B36D /* Assets.xcassets */ = {isa = PBXFileReference; lastKnownFileType = folder.assetcatalog; path = Assets.xcassets; sourceTree = "<group>"; };
		279E19B129B1F04E00D5B36D /* Base */ = {isa = PBXFileReference; lastKnownFileType = file.storyboard; name = Base; path = Base.lproj/LaunchScreen.storyboard; sourceTree = "<group>"; };
		279E19B329B1F04E00D5B36D /* Info.plist */ = {isa = PBXFileReference; lastKnownFileType = text.plist.xml; path = Info.plist; sourceTree = "<group>"; };
		279E19BB29B1F0BD00D5B36D /* API.json */ = {isa = PBXFileReference; fileEncoding = 4; lastKnownFileType = text.json; path = API.json; sourceTree = "<group>"; };
		279E19BD29B1F0ED00D5B36D /* ObjectManager.swift */ = {isa = PBXFileReference; lastKnownFileType = sourcecode.swift; path = ObjectManager.swift; sourceTree = "<group>"; };
		279E19BF29B1F2F500D5B36D /* RequestManager.swift */ = {isa = PBXFileReference; lastKnownFileType = sourcecode.swift; path = RequestManager.swift; sourceTree = "<group>"; };
/* End PBXFileReference section */

/* Begin PBXFrameworksBuildPhase section */
		279E199C29B1F04B00D5B36D /* Frameworks */ = {
			isa = PBXFrameworksBuildPhase;
			buildActionMask = 2147483647;
			files = (
			);
			runOnlyForDeploymentPostprocessing = 0;
		};
/* End PBXFrameworksBuildPhase section */

/* Begin PBXGroup section */
		273262E329BE4F3B00AD552B /* Main */ = {
			isa = PBXGroup;
			children = (
				278FC04629D203590000D2E0 /* ModelMainView.swift */,
				279E19A629B1F04B00D5B36D /* MainViewController.swift */,
				279E19A829B1F04B00D5B36D /* Main.storyboard */,
				274E802F29B25D110055CE75 /* Details Cell */,
			);
			name = Main;
			sourceTree = "<group>";
		};
		2736480529B271F8005EE0CD /* Model */ = {
			isa = PBXGroup;
			children = (
				279E19BB29B1F0BD00D5B36D /* API.json */,
				279E19BD29B1F0ED00D5B36D /* ObjectManager.swift */,
				279E19BF29B1F2F500D5B36D /* RequestManager.swift */,
				273262E429BE856700AD552B /* Extansions.swift */,
				2796F3B929C8FAF800BC3C6D /* ErrorManager.swift */,
			);
			path = Model;
			sourceTree = "<group>";
		};
		2736480729B27232005EE0CD /* View */ = {
			isa = PBXGroup;
			children = (
				273262E329BE4F3B00AD552B /* Main */,
				27B9B23B29C8E38A0044ACD2 /* Details */,
			);
			path = View;
			sourceTree = "<group>";
		};
		274E802F29B25D110055CE75 /* Details Cell */ = {
			isa = PBXGroup;
			children = (
				274E802B29B25D000055CE75 /* DetailsTableViewCell.swift */,
				274E802C29B25D000055CE75 /* DetailsTableViewCell.xib */,
			);
			path = "Details Cell";
			sourceTree = "<group>";
		};
		279E199629B1F04B00D5B36D = {
			isa = PBXGroup;
			children = (
				279E19A129B1F04B00D5B36D /* ITunesPodcast */,
				279E19A029B1F04B00D5B36D /* Products */,
			);
			sourceTree = "<group>";
		};
		279E19A029B1F04B00D5B36D /* Products */ = {
			isa = PBXGroup;
			children = (
				279E199F29B1F04B00D5B36D /* ITunesPodcast.app */,
			);
			name = Products;
			sourceTree = "<group>";
		};
		279E19A129B1F04B00D5B36D /* ITunesPodcast */ = {
			isa = PBXGroup;
			children = (
				2736480529B271F8005EE0CD /* Model */,
				2736480729B27232005EE0CD /* View */,
				279E19AE29B1F04E00D5B36D /* Assets.xcassets */,
				279E19B029B1F04E00D5B36D /* LaunchScreen.storyboard */,
				279E19B329B1F04E00D5B36D /* Info.plist */,
				279E19AB29B1F04B00D5B36D /* ITunesPodcast.xcdatamodeld */,
				279E19BA29B1F06800D5B36D /* App */,
			);
			path = ITunesPodcast;
			sourceTree = "<group>";
		};
		279E19BA29B1F06800D5B36D /* App */ = {
			isa = PBXGroup;
			children = (
				279E19A229B1F04B00D5B36D /* AppDelegate.swift */,
				279E19A429B1F04B00D5B36D /* SceneDelegate.swift */,
			);
			path = App;
			sourceTree = "<group>";
		};
		27B9B23B29C8E38A0044ACD2 /* Details */ = {
			isa = PBXGroup;
			children = (
				278FC04829D203950000D2E0 /* ModelDetailsView.swift */,
				2734EBDE29B2993C00BB7084 /* DetailsViewController.swift */,
				2734EBDF29B2993C00BB7084 /* DetailsViewController.xib */,
			);
			path = Details;
			sourceTree = "<group>";
		};
/* End PBXGroup section */

/* Begin PBXNativeTarget section */
		279E199E29B1F04B00D5B36D /* ITunesPodcast */ = {
			isa = PBXNativeTarget;
			buildConfigurationList = 279E19B629B1F04E00D5B36D /* Build configuration list for PBXNativeTarget "ITunesPodcast" */;
			buildPhases = (
				279E199B29B1F04B00D5B36D /* Sources */,
				279E199C29B1F04B00D5B36D /* Frameworks */,
				279E199D29B1F04B00D5B36D /* Resources */,
			);
			buildRules = (
			);
			dependencies = (
			);
			name = ITunesPodcast;
			productName = ITunesPodcast;
			productReference = 279E199F29B1F04B00D5B36D /* ITunesPodcast.app */;
			productType = "com.apple.product-type.application";
		};
/* End PBXNativeTarget section */

/* Begin PBXProject section */
		279E199729B1F04B00D5B36D /* Project object */ = {
			isa = PBXProject;
			attributes = {
				BuildIndependentTargetsInParallel = 1;
				LastSwiftUpdateCheck = 1420;
				LastUpgradeCheck = 1420;
				TargetAttributes = {
					279E199E29B1F04B00D5B36D = {
						CreatedOnToolsVersion = 14.2;
					};
				};
			};
			buildConfigurationList = 279E199A29B1F04B00D5B36D /* Build configuration list for PBXProject "ITunesPodcast" */;
			compatibilityVersion = "Xcode 14.0";
			developmentRegion = en;
			hasScannedForEncodings = 0;
			knownRegions = (
				en,
				Base,
			);
			mainGroup = 279E199629B1F04B00D5B36D;
			productRefGroup = 279E19A029B1F04B00D5B36D /* Products */;
			projectDirPath = "";
			projectRoot = "";
			targets = (
				279E199E29B1F04B00D5B36D /* ITunesPodcast */,
			);
		};
/* End PBXProject section */

/* Begin PBXResourcesBuildPhase section */
		279E199D29B1F04B00D5B36D /* Resources */ = {
			isa = PBXResourcesBuildPhase;
			buildActionMask = 2147483647;
			files = (
				274E802E29B25D000055CE75 /* DetailsTableViewCell.xib in Resources */,
				279E19B229B1F04E00D5B36D /* LaunchScreen.storyboard in Resources */,
				279E19AF29B1F04E00D5B36D /* Assets.xcassets in Resources */,
				279E19BC29B1F0BE00D5B36D /* API.json in Resources */,
				279E19AA29B1F04B00D5B36D /* Main.storyboard in Resources */,
				2734EBE129B2993C00BB7084 /* DetailsViewController.xib in Resources */,
			);
			runOnlyForDeploymentPostprocessing = 0;
		};
/* End PBXResourcesBuildPhase section */

/* Begin PBXSourcesBuildPhase section */
		279E199B29B1F04B00D5B36D /* Sources */ = {
			isa = PBXSourcesBuildPhase;
			buildActionMask = 2147483647;
			files = (
				279E19AD29B1F04B00D5B36D /* ITunesPodcast.xcdatamodeld in Sources */,
				279E19A729B1F04B00D5B36D /* MainViewController.swift in Sources */,
				279E19BE29B1F0ED00D5B36D /* ObjectManager.swift in Sources */,
				2734EBE029B2993C00BB7084 /* DetailsViewController.swift in Sources */,
				2796F3BA29C8FAF800BC3C6D /* ErrorManager.swift in Sources */,
				273262E529BE856700AD552B /* Extansions.swift in Sources */,
				279E19C029B1F2F500D5B36D /* RequestManager.swift in Sources */,
				278FC04929D203950000D2E0 /* ModelDetailsView.swift in Sources */,
				279E19A329B1F04B00D5B36D /* AppDelegate.swift in Sources */,
				279E19A529B1F04B00D5B36D /* SceneDelegate.swift in Sources */,
				278FC04729D203590000D2E0 /* ModelMainView.swift in Sources */,
				274E802D29B25D000055CE75 /* DetailsTableViewCell.swift in Sources */,
			);
			runOnlyForDeploymentPostprocessing = 0;
		};
/* End PBXSourcesBuildPhase section */

/* Begin PBXVariantGroup section */
		279E19A829B1F04B00D5B36D /* Main.storyboard */ = {
			isa = PBXVariantGroup;
			children = (
				279E19A929B1F04B00D5B36D /* Base */,
			);
			name = Main.storyboard;
			sourceTree = "<group>";
		};
		279E19B029B1F04E00D5B36D /* LaunchScreen.storyboard */ = {
			isa = PBXVariantGroup;
			children = (
				279E19B129B1F04E00D5B36D /* Base */,
			);
			name = LaunchScreen.storyboard;
			sourceTree = "<group>";
		};
/* End PBXVariantGroup section */

/* Begin XCBuildConfiguration section */
		279E19B429B1F04E00D5B36D /* Debug */ = {
			isa = XCBuildConfiguration;
			buildSettings = {
				ALWAYS_SEARCH_USER_PATHS = NO;
				CLANG_ANALYZER_NONNULL = YES;
				CLANG_ANALYZER_NUMBER_OBJECT_CONVERSION = YES_AGGRESSIVE;
				CLANG_CXX_LANGUAGE_STANDARD = "gnu++20";
				CLANG_ENABLE_MODULES = YES;
				CLANG_ENABLE_OBJC_ARC = YES;
				CLANG_ENABLE_OBJC_WEAK = YES;
				CLANG_WARN_BLOCK_CAPTURE_AUTORELEASING = YES;
				CLANG_WARN_BOOL_CONVERSION = YES;
				CLANG_WARN_COMMA = YES;
				CLANG_WARN_CONSTANT_CONVERSION = YES;
				CLANG_WARN_DEPRECATED_OBJC_IMPLEMENTATIONS = YES;
				CLANG_WARN_DIRECT_OBJC_ISA_USAGE = YES_ERROR;
				CLANG_WARN_DOCUMENTATION_COMMENTS = YES;
				CLANG_WARN_EMPTY_BODY = YES;
				CLANG_WARN_ENUM_CONVERSION = YES;
				CLANG_WARN_INFINITE_RECURSION = YES;
				CLANG_WARN_INT_CONVERSION = YES;
				CLANG_WARN_NON_LITERAL_NULL_CONVERSION = YES;
				CLANG_WARN_OBJC_IMPLICIT_RETAIN_SELF = YES;
				CLANG_WARN_OBJC_LITERAL_CONVERSION = YES;
				CLANG_WARN_OBJC_ROOT_CLASS = YES_ERROR;
				CLANG_WARN_QUOTED_INCLUDE_IN_FRAMEWORK_HEADER = YES;
				CLANG_WARN_RANGE_LOOP_ANALYSIS = YES;
				CLANG_WARN_STRICT_PROTOTYPES = YES;
				CLANG_WARN_SUSPICIOUS_MOVE = YES;
				CLANG_WARN_UNGUARDED_AVAILABILITY = YES_AGGRESSIVE;
				CLANG_WARN_UNREACHABLE_CODE = YES;
				CLANG_WARN__DUPLICATE_METHOD_MATCH = YES;
				COPY_PHASE_STRIP = NO;
				DEBUG_INFORMATION_FORMAT = dwarf;
				ENABLE_STRICT_OBJC_MSGSEND = YES;
				ENABLE_TESTABILITY = YES;
				GCC_C_LANGUAGE_STANDARD = gnu11;
				GCC_DYNAMIC_NO_PIC = NO;
				GCC_NO_COMMON_BLOCKS = YES;
				GCC_OPTIMIZATION_LEVEL = 0;
				GCC_PREPROCESSOR_DEFINITIONS = (
					"DEBUG=1",
					"$(inherited)",
				);
				GCC_WARN_64_TO_32_BIT_CONVERSION = YES;
				GCC_WARN_ABOUT_RETURN_TYPE = YES_ERROR;
				GCC_WARN_UNDECLARED_SELECTOR = YES;
				GCC_WARN_UNINITIALIZED_AUTOS = YES_AGGRESSIVE;
				GCC_WARN_UNUSED_FUNCTION = YES;
				GCC_WARN_UNUSED_VARIABLE = YES;
				IPHONEOS_DEPLOYMENT_TARGET = 16.2;
				MTL_ENABLE_DEBUG_INFO = INCLUDE_SOURCE;
				MTL_FAST_MATH = YES;
				ONLY_ACTIVE_ARCH = YES;
				SDKROOT = iphoneos;
				SWIFT_ACTIVE_COMPILATION_CONDITIONS = DEBUG;
				SWIFT_OPTIMIZATION_LEVEL = "-Onone";
			};
			name = Debug;
		};
		279E19B529B1F04E00D5B36D /* Release */ = {
			isa = XCBuildConfiguration;
			buildSettings = {
				ALWAYS_SEARCH_USER_PATHS = NO;
				CLANG_ANALYZER_NONNULL = YES;
				CLANG_ANALYZER_NUMBER_OBJECT_CONVERSION = YES_AGGRESSIVE;
				CLANG_CXX_LANGUAGE_STANDARD = "gnu++20";
				CLANG_ENABLE_MODULES = YES;
				CLANG_ENABLE_OBJC_ARC = YES;
				CLANG_ENABLE_OBJC_WEAK = YES;
				CLANG_WARN_BLOCK_CAPTURE_AUTORELEASING = YES;
				CLANG_WARN_BOOL_CONVERSION = YES;
				CLANG_WARN_COMMA = YES;
				CLANG_WARN_CONSTANT_CONVERSION = YES;
				CLANG_WARN_DEPRECATED_OBJC_IMPLEMENTATIONS = YES;
				CLANG_WARN_DIRECT_OBJC_ISA_USAGE = YES_ERROR;
				CLANG_WARN_DOCUMENTATION_COMMENTS = YES;
				CLANG_WARN_EMPTY_BODY = YES;
				CLANG_WARN_ENUM_CONVERSION = YES;
				CLANG_WARN_INFINITE_RECURSION = YES;
				CLANG_WARN_INT_CONVERSION = YES;
				CLANG_WARN_NON_LITERAL_NULL_CONVERSION = YES;
				CLANG_WARN_OBJC_IMPLICIT_RETAIN_SELF = YES;
				CLANG_WARN_OBJC_LITERAL_CONVERSION = YES;
				CLANG_WARN_OBJC_ROOT_CLASS = YES_ERROR;
				CLANG_WARN_QUOTED_INCLUDE_IN_FRAMEWORK_HEADER = YES;
				CLANG_WARN_RANGE_LOOP_ANALYSIS = YES;
				CLANG_WARN_STRICT_PROTOTYPES = YES;
				CLANG_WARN_SUSPICIOUS_MOVE = YES;
				CLANG_WARN_UNGUARDED_AVAILABILITY = YES_AGGRESSIVE;
				CLANG_WARN_UNREACHABLE_CODE = YES;
				CLANG_WARN__DUPLICATE_METHOD_MATCH = YES;
				COPY_PHASE_STRIP = NO;
				DEBUG_INFORMATION_FORMAT = "dwarf-with-dsym";
				ENABLE_NS_ASSERTIONS = NO;
				ENABLE_STRICT_OBJC_MSGSEND = YES;
				GCC_C_LANGUAGE_STANDARD = gnu11;
				GCC_NO_COMMON_BLOCKS = YES;
				GCC_WARN_64_TO_32_BIT_CONVERSION = YES;
				GCC_WARN_ABOUT_RETURN_TYPE = YES_ERROR;
				GCC_WARN_UNDECLARED_SELECTOR = YES;
				GCC_WARN_UNINITIALIZED_AUTOS = YES_AGGRESSIVE;
				GCC_WARN_UNUSED_FUNCTION = YES;
				GCC_WARN_UNUSED_VARIABLE = YES;
				IPHONEOS_DEPLOYMENT_TARGET = 16.2;
				MTL_ENABLE_DEBUG_INFO = NO;
				MTL_FAST_MATH = YES;
				SDKROOT = iphoneos;
				SWIFT_COMPILATION_MODE = wholemodule;
				SWIFT_OPTIMIZATION_LEVEL = "-O";
				VALIDATE_PRODUCT = YES;
			};
			name = Release;
		};
		279E19B729B1F04E00D5B36D /* Debug */ = {
			isa = XCBuildConfiguration;
			buildSettings = {
				ASSETCATALOG_COMPILER_APPICON_NAME = AppIcon;
				ASSETCATALOG_COMPILER_GLOBAL_ACCENT_COLOR_NAME = AccentColor;
				CODE_SIGN_STYLE = Automatic;
				CURRENT_PROJECT_VERSION = 1;
				DEVELOPMENT_TEAM = BMVXYF7P3M;
				GENERATE_INFOPLIST_FILE = YES;
				INFOPLIST_FILE = ITunesPodcast/Info.plist;
				INFOPLIST_KEY_UIApplicationSupportsIndirectInputEvents = YES;
				INFOPLIST_KEY_UILaunchStoryboardName = LaunchScreen;
				INFOPLIST_KEY_UIMainStoryboardFile = Main;
				INFOPLIST_KEY_UISupportedInterfaceOrientations_iPad = "UIInterfaceOrientationPortrait UIInterfaceOrientationPortraitUpsideDown UIInterfaceOrientationLandscapeLeft UIInterfaceOrientationLandscapeRight";
				INFOPLIST_KEY_UISupportedInterfaceOrientations_iPhone = "UIInterfaceOrientationPortrait UIInterfaceOrientationLandscapeLeft UIInterfaceOrientationLandscapeRight";
				LD_RUNPATH_SEARCH_PATHS = (
					"$(inherited)",
					"@executable_path/Frameworks",
				);
				MARKETING_VERSION = 1.0;
				PRODUCT_BUNDLE_IDENTIFIER = com.Kyrylos.ITunesPodcast;
				PRODUCT_NAME = "$(TARGET_NAME)";
				SWIFT_EMIT_LOC_STRINGS = YES;
				SWIFT_VERSION = 5.0;
				TARGETED_DEVICE_FAMILY = "1,2";
			};
			name = Debug;
		};
		279E19B829B1F04E00D5B36D /* Release */ = {
			isa = XCBuildConfiguration;
			buildSettings = {
				ASSETCATALOG_COMPILER_APPICON_NAME = AppIcon;
				ASSETCATALOG_COMPILER_GLOBAL_ACCENT_COLOR_NAME = AccentColor;
				CODE_SIGN_STYLE = Automatic;
				CURRENT_PROJECT_VERSION = 1;
				DEVELOPMENT_TEAM = BMVXYF7P3M;
				GENERATE_INFOPLIST_FILE = YES;
				INFOPLIST_FILE = ITunesPodcast/Info.plist;
				INFOPLIST_KEY_UIApplicationSupportsIndirectInputEvents = YES;
				INFOPLIST_KEY_UILaunchStoryboardName = LaunchScreen;
				INFOPLIST_KEY_UIMainStoryboardFile = Main;
				INFOPLIST_KEY_UISupportedInterfaceOrientations_iPad = "UIInterfaceOrientationPortrait UIInterfaceOrientationPortraitUpsideDown UIInterfaceOrientationLandscapeLeft UIInterfaceOrientationLandscapeRight";
				INFOPLIST_KEY_UISupportedInterfaceOrientations_iPhone = "UIInterfaceOrientationPortrait UIInterfaceOrientationLandscapeLeft UIInterfaceOrientationLandscapeRight";
				LD_RUNPATH_SEARCH_PATHS = (
					"$(inherited)",
					"@executable_path/Frameworks",
				);
				MARKETING_VERSION = 1.0;
				PRODUCT_BUNDLE_IDENTIFIER = com.Kyrylos.ITunesPodcast;
				PRODUCT_NAME = "$(TARGET_NAME)";
				SWIFT_EMIT_LOC_STRINGS = YES;
				SWIFT_VERSION = 5.0;
				TARGETED_DEVICE_FAMILY = "1,2";
			};
			name = Release;
		};
/* End XCBuildConfiguration section */

/* Begin XCConfigurationList section */
		279E199A29B1F04B00D5B36D /* Build configuration list for PBXProject "ITunesPodcast" */ = {
			isa = XCConfigurationList;
			buildConfigurations = (
				279E19B429B1F04E00D5B36D /* Debug */,
				279E19B529B1F04E00D5B36D /* Release */,
			);
			defaultConfigurationIsVisible = 0;
			defaultConfigurationName = Release;
		};
		279E19B629B1F04E00D5B36D /* Build configuration list for PBXNativeTarget "ITunesPodcast" */ = {
			isa = XCConfigurationList;
			buildConfigurations = (
				279E19B729B1F04E00D5B36D /* Debug */,
				279E19B829B1F04E00D5B36D /* Release */,
			);
			defaultConfigurationIsVisible = 0;
			defaultConfigurationName = Release;
		};
/* End XCConfigurationList section */

/* Begin XCVersionGroup section */
		279E19AB29B1F04B00D5B36D /* ITunesPodcast.xcdatamodeld */ = {
			isa = XCVersionGroup;
			children = (
				279E19AC29B1F04B00D5B36D /* ITunesPodcast.xcdatamodel */,
			);
			currentVersion = 279E19AC29B1F04B00D5B36D /* ITunesPodcast.xcdatamodel */;
			path = ITunesPodcast.xcdatamodeld;
			sourceTree = "<group>";
			versionGroupType = wrapper.xcdatamodel;
		};
/* End XCVersionGroup section */
	};
	rootObject = 279E199729B1F04B00D5B36D /* Project object */;
}
